
Microsoft Visual Studio Solution File, Format Version 12.00
# Visual Studio Version 16
VisualStudioVersion = 16.0.28803.202
MinimumVisualStudioVersion = 10.0.40219.1
Project("{FAE04EC0-301F-11D3-BF4B-00C04F79EFBC}") = "Functions", "Functions\Functions.csproj", "{7C93FD8B-E383-4C73-9ED2-F20883CCAC18}"
EndProject
Project("{FAE04EC0-301F-11D3-BF4B-00C04F79EFBC}") = "Calculator", "Calculator\Calculator.csproj", "{064D52FE-C50A-4232-9E02-8C5D3A53C8D6}"
EndProject
Project("{FAE04EC0-301F-11D3-BF4B-00C04F79EFBC}") = "FunctionsWithArray", "FunctionsWithArray\FunctionsWithArray.csproj", "{4AD48010-4649-4A4A-9D1A-93FA295D012D}"
EndProject
Global
	GlobalSection(SolutionConfigurationPlatforms) = preSolution
		Debug|Any CPU = Debug|Any CPU
		Release|Any CPU = Release|Any CPU
	EndGlobalSection
	GlobalSection(ProjectConfigurationPlatforms) = postSolution
		{7C93FD8B-E383-4C73-9ED2-F20883CCAC18}.Debug|Any CPU.ActiveCfg = Debug|Any CPU
		{7C93FD8B-E383-4C73-9ED2-F20883CCAC18}.Debug|Any CPU.Build.0 = Debug|Any CPU
		{7C93FD8B-E383-4C73-9ED2-F20883CCAC18}.Release|Any CPU.ActiveCfg = Release|Any CPU
		{7C93FD8B-E383-4C73-9ED2-F20883CCAC18}.Release|Any CPU.Build.0 = Release|Any CPU
		{064D52FE-C50A-4232-9E02-8C5D3A53C8D6}.Debug|Any CPU.ActiveCfg = Debug|Any CPU
		{064D52FE-C50A-4232-9E02-8C5D3A53C8D6}.Debug|Any CPU.Build.0 = Debug|Any CPU
		{064D52FE-C50A-4232-9E02-8C5D3A53C8D6}.Release|Any CPU.ActiveCfg = Release|Any CPU
		{064D52FE-C50A-4232-9E02-8C5D3A53C8D6}.Release|Any CPU.Build.0 = Release|Any CPU
		{4AD48010-4649-4A4A-9D1A-93FA295D012D}.Debug|Any CPU.ActiveCfg = Debug|Any CPU
		{4AD48010-4649-4A4A-9D1A-93FA295D012D}.Debug|Any CPU.Build.0 = Debug|Any CPU
		{4AD48010-4649-4A4A-9D1A-93FA295D012D}.Release|Any CPU.ActiveCfg = Release|Any CPU
		{4AD48010-4649-4A4A-9D1A-93FA295D012D}.Release|Any CPU.Build.0 = Release|Any CPU
	EndGlobalSection
	GlobalSection(SolutionProperties) = preSolution
		HideSolutionNode = FALSE
	EndGlobalSection
	GlobalSection(ExtensibilityGlobals) = postSolution
		SolutionGuid = {F7F1EF51-D283-44F0-9768-D39A07B54B3B}
	EndGlobalSection
EndGlobal
